
Microsoft Visual Studio Solution File, Format Version 12.00
# Visual Studio Version 17
VisualStudioVersion = 17.7.34031.279
MinimumVisualStudioVersion = 10.0.40219.1
Project("{FAE04EC0-301F-11D3-BF4B-00C04F79EFBC}") = "CT2_Nhom04_QuanLyQuanCafe", "CT2_Nhom04_QuanLyQuanCafe\CT2_Nhom04_QuanLyQuanCafe.csproj", "{BD321B8E-342D-40F9-8996-CCC4E3C11556}"
EndProject
Global
	GlobalSection(SolutionConfigurationPlatforms) = preSolution
		Debug|Any CPU = Debug|Any CPU
		Release|Any CPU = Release|Any CPU
	EndGlobalSection
	GlobalSection(ProjectConfigurationPlatforms) = postSolution
		{BD321B8E-342D-40F9-8996-CCC4E3C11556}.Debug|Any CPU.ActiveCfg = Debug|Any CPU
		{BD321B8E-342D-40F9-8996-CCC4E3C11556}.Debug|Any CPU.Build.0 = Debug|Any CPU
		{BD321B8E-342D-40F9-8996-CCC4E3C11556}.Release|Any CPU.ActiveCfg = Release|Any CPU
		{BD321B8E-342D-40F9-8996-CCC4E3C11556}.Release|Any CPU.Build.0 = Release|Any CPU
	EndGlobalSection
	GlobalSection(SolutionProperties) = preSolution
		HideSolutionNode = FALSE
	EndGlobalSection
	GlobalSection(ExtensibilityGlobals) = postSolution
		SolutionGuid = {687CE3F5-B7AD-4BFD-9D73-C7B048A877BE}
	EndGlobalSection
EndGlobal
